
Microsoft Visual Studio Solution File, Format Version 12.00
# Visual Studio Version 16
VisualStudioVersion = 16.0.32929.386
MinimumVisualStudioVersion = 10.0.40219.1
Project("{FAE04EC0-301F-11D3-BF4B-00C04F79EFBC}") = "PsychotherapistApp.API", "PsychotherapistApp.API\PsychotherapistApp.API.csproj", "{A6840CD5-6339-4317-BE38-9A6B34F4A113}"
EndProject
Project("{FAE04EC0-301F-11D3-BF4B-00C04F79EFBC}") = "PsychotherapistApp.Data", "PsychotherapistApp.Data\PsychotherapistApp.Data.csproj", "{4FFD253C-C142-4435-A54D-61380539CD7D}"
EndProject
Global
	GlobalSection(SolutionConfigurationPlatforms) = preSolution
		Debug|Any CPU = Debug|Any CPU
		Release|Any CPU = Release|Any CPU
	EndGlobalSection
	GlobalSection(ProjectConfigurationPlatforms) = postSolution
		{A6840CD5-6339-4317-BE38-9A6B34F4A113}.Debug|Any CPU.ActiveCfg = Debug|Any CPU
		{A6840CD5-6339-4317-BE38-9A6B34F4A113}.Debug|Any CPU.Build.0 = Debug|Any CPU
		{A6840CD5-6339-4317-BE38-9A6B34F4A113}.Release|Any CPU.ActiveCfg = Release|Any CPU
		{A6840CD5-6339-4317-BE38-9A6B34F4A113}.Release|Any CPU.Build.0 = Release|Any CPU
		{4FFD253C-C142-4435-A54D-61380539CD7D}.Debug|Any CPU.ActiveCfg = Debug|Any CPU
		{4FFD253C-C142-4435-A54D-61380539CD7D}.Debug|Any CPU.Build.0 = Debug|Any CPU
		{4FFD253C-C142-4435-A54D-61380539CD7D}.Release|Any CPU.ActiveCfg = Release|Any CPU
		{4FFD253C-C142-4435-A54D-61380539CD7D}.Release|Any CPU.Build.0 = Release|Any CPU
	EndGlobalSection
	GlobalSection(SolutionProperties) = preSolution
		HideSolutionNode = FALSE
	EndGlobalSection
	GlobalSection(ExtensibilityGlobals) = postSolution
		SolutionGuid = {6A7C6436-2131-44D2-A43A-EFD843F5CC66}
	EndGlobalSection
EndGlobal
